
Microsoft Visual Studio Solution File, Format Version 12.00
# Visual Studio Version 17
VisualStudioVersion = 17.10.34928.147
MinimumVisualStudioVersion = 10.0.40219.1
Project("{9A19103F-16F7-4668-BE54-9A1E7A4F7556}") = "Course-Signup-System.Application", "Course-Signup-System.Application\Course-Signup-System.Application.csproj", "{EA7D9833-0DE7-4921-9840-57F759DF8288}"
EndProject
Project("{9A19103F-16F7-4668-BE54-9A1E7A4F7556}") = "Course-Signup-System.Infrastructure", "Course-Signup-System.Infrastructure\Course-Signup-System.Infrastructure.csproj", "{8BCD4999-7DD6-45F8-B0E0-7748A5359FF5}"
EndProject
Project("{9A19103F-16F7-4668-BE54-9A1E7A4F7556}") = "Course-Signup-System.Domain", "Course-Signup-System.Domain\Course-Signup-System.Domain.csproj", "{1D985A1D-C5AB-4BA8-8E18-32A803A38E9C}"
EndProject
Project("{9A19103F-16F7-4668-BE54-9A1E7A4F7556}") = "Course-Signup-System.API", "Course-Signup-System.API\Course-Signup-System.API.csproj", "{CAD83ECC-3F8A-42F0-BBD4-AB4962C5D781}"
EndProject
Project("{9A19103F-16F7-4668-BE54-9A1E7A4F7556}") = "Course-Signup-System.Presentation", "Course-Signup-System.Presentation\Course-Signup-System.Presentation.csproj", "{16EE381A-50A4-48D9-AF28-B24C78176AEE}"
EndProject
Global
	GlobalSection(SolutionConfigurationPlatforms) = preSolution
		Debug|Any CPU = Debug|Any CPU
		Release|Any CPU = Release|Any CPU
	EndGlobalSection
	GlobalSection(ProjectConfigurationPlatforms) = postSolution
		{EA7D9833-0DE7-4921-9840-57F759DF8288}.Debug|Any CPU.ActiveCfg = Debug|Any CPU
		{EA7D9833-0DE7-4921-9840-57F759DF8288}.Debug|Any CPU.Build.0 = Debug|Any CPU
		{EA7D9833-0DE7-4921-9840-57F759DF8288}.Release|Any CPU.ActiveCfg = Release|Any CPU
		{EA7D9833-0DE7-4921-9840-57F759DF8288}.Release|Any CPU.Build.0 = Release|Any CPU
		{8BCD4999-7DD6-45F8-B0E0-7748A5359FF5}.Debug|Any CPU.ActiveCfg = Debug|Any CPU
		{8BCD4999-7DD6-45F8-B0E0-7748A5359FF5}.Debug|Any CPU.Build.0 = Debug|Any CPU
		{8BCD4999-7DD6-45F8-B0E0-7748A5359FF5}.Release|Any CPU.ActiveCfg = Release|Any CPU
		{8BCD4999-7DD6-45F8-B0E0-7748A5359FF5}.Release|Any CPU.Build.0 = Release|Any CPU
		{1D985A1D-C5AB-4BA8-8E18-32A803A38E9C}.Debug|Any CPU.ActiveCfg = Debug|Any CPU
		{1D985A1D-C5AB-4BA8-8E18-32A803A38E9C}.Debug|Any CPU.Build.0 = Debug|Any CPU
		{1D985A1D-C5AB-4BA8-8E18-32A803A38E9C}.Release|Any CPU.ActiveCfg = Release|Any CPU
		{1D985A1D-C5AB-4BA8-8E18-32A803A38E9C}.Release|Any CPU.Build.0 = Release|Any CPU
		{CAD83ECC-3F8A-42F0-BBD4-AB4962C5D781}.Debug|Any CPU.ActiveCfg = Debug|Any CPU
		{CAD83ECC-3F8A-42F0-BBD4-AB4962C5D781}.Debug|Any CPU.Build.0 = Debug|Any CPU
		{CAD83ECC-3F8A-42F0-BBD4-AB4962C5D781}.Release|Any CPU.ActiveCfg = Release|Any CPU
		{CAD83ECC-3F8A-42F0-BBD4-AB4962C5D781}.Release|Any CPU.Build.0 = Release|Any CPU
		{16EE381A-50A4-48D9-AF28-B24C78176AEE}.Debug|Any CPU.ActiveCfg = Debug|Any CPU
		{16EE381A-50A4-48D9-AF28-B24C78176AEE}.Debug|Any CPU.Build.0 = Debug|Any CPU
		{16EE381A-50A4-48D9-AF28-B24C78176AEE}.Release|Any CPU.ActiveCfg = Release|Any CPU
		{16EE381A-50A4-48D9-AF28-B24C78176AEE}.Release|Any CPU.Build.0 = Release|Any CPU
	EndGlobalSection
	GlobalSection(SolutionProperties) = preSolution
		HideSolutionNode = FALSE
	EndGlobalSection
	GlobalSection(ExtensibilityGlobals) = postSolution
		SolutionGuid = {C464DEAE-883D-4630-8CE7-DE85891F560C}
	EndGlobalSection
EndGlobal
